{
    "_meta": {
        "hash": {
            "sha256": "86d431aa4be2f4fdfbea1cf11a7484c9fd3255dbccf97551ef9d9ed5a6ade1e2"
        },
        "pipfile-spec": 6,
        "requires": {
            "python_version": "3.12"
        },
        "sources": [
            {
                "name": "pypi",
                "url": "https://pypi.org/simple",
                "verify_ssl": true
            }
        ]
    },
    "default": {},
    "develop": {}
}
